{
  "name": "http-server",
  "version": "1.0.0",
  "lockfileVersion": 3,
  "requires": true,
  "packages": {
    "": {
      "name": "http-server",
      "version": "1.0.0",
      "license": "ISC",
      "dependencies": {
        "minimalist": "^1.0.0",
        "minimist": "^1.2.8"
      },
      "devDependencies": {}
    },
    "node_modules/minimalist": {
      "version": "1.0.0",
      "license": "MIT"
    },
    "node_modules/minimist": {
      "version": "1.2.8",
      "license": "MIT",
      "funding": {
        "url": "https://github.com/sponsors/ljharb"
      }
    }
  }
}
